// !$*UTF8*$!
{
	archiveVersion = 1;
	classes = {
	};
	objectVersion = 50;
	objects = {

/* Begin PBXBuildFile section */
		2E14708ADF285AFC3E76C8DB /* libPods-ZDFfiHookDemo.a in Frameworks */ = {isa = PBXBuildFile; fileRef = ECA88E58BF840922BDEC66B2 /* libPods-ZDFfiHookDemo.a */; };
		6F547EE401DD12471E75ABDA /* libPods-ZDFfiHookDemoTests.a in Frameworks */ = {isa = PBXBuildFile; fileRef = E8D529CD2F76E80D0366DF53 /* libPods-ZDFfiHookDemoTests.a */; };
		79309134F0CD718C47E017CB /* libPods-ZDFfiHookDemo-ZDFfiHookDemoUITests.a in Frameworks */ = {isa = PBXBuildFile; fileRef = B15C31CBA58FAA109C855F88 /* libPods-ZDFfiHookDemo-ZDFfiHookDemoUITests.a */; };
		DAD9B9D9257E8D91006E0AC7 /* ZDModelTests.m in Sources */ = {isa = PBXBuildFile; fileRef = DAD9B9D8257E8D91006E0AC7 /* ZDModelTests.m */; };
		FA66024B2546CA0600F7DCBB /* AppDelegate.m in Sources */ = {isa = PBXBuildFile; fileRef = FA66024A2546CA0600F7DCBB /* AppDelegate.m */; };
		FA66024E2546CA0600F7DCBB /* SceneDelegate.m in Sources */ = {isa = PBXBuildFile; fileRef = FA66024D2546CA0600F7DCBB /* SceneDelegate.m */; };
		FA6602512546CA0600F7DCBB /* ViewController.m in Sources */ = {isa = PBXBuildFile; fileRef = FA6602502546CA0600F7DCBB /* ViewController.m */; };
		FA6602542546CA0600F7DCBB /* Main.storyboard in Resources */ = {isa = PBXBuildFile; fileRef = FA6602522546CA0600F7DCBB /* Main.storyboard */; };
		FA6602562546CA0700F7DCBB /* Assets.xcassets in Resources */ = {isa = PBXBuildFile; fileRef = FA6602552546CA0700F7DCBB /* Assets.xcassets */; };
		FA6602592546CA0700F7DCBB /* LaunchScreen.storyboard in Resources */ = {isa = PBXBuildFile; fileRef = FA6602572546CA0700F7DCBB /* LaunchScreen.storyboard */; };
		FA66025C2546CA0700F7DCBB /* main.m in Sources */ = {isa = PBXBuildFile; fileRef = FA66025B2546CA0700F7DCBB /* main.m */; };
		FA6602662546CA0700F7DCBB /* ZDFfiHookDemoTests.m in Sources */ = {isa = PBXBuildFile; fileRef = FA6602652546CA0700F7DCBB /* ZDFfiHookDemoTests.m */; };
		FA6602712546CA0700F7DCBB /* ZDFfiHookDemoUITests.m in Sources */ = {isa = PBXBuildFile; fileRef = FA6602702546CA0700F7DCBB /* ZDFfiHookDemoUITests.m */; };
		FA66028E2546CA7E00F7DCBB /* ZDViewController.m in Sources */ = {isa = PBXBuildFile; fileRef = FA66028C2546CA7E00F7DCBB /* ZDViewController.m */; };
		FA66028F2546CA7E00F7DCBB /* AController.m in Sources */ = {isa = PBXBuildFile; fileRef = FA66028D2546CA7E00F7DCBB /* AController.m */; };
/* End PBXBuildFile section */

/* Begin PBXContainerItemProxy section */
		FA6602622546CA0700F7DCBB /* PBXContainerItemProxy */ = {
			isa = PBXContainerItemProxy;
			containerPortal = FA66023E2546CA0500F7DCBB /* Project object */;
			proxyType = 1;
			remoteGlobalIDString = FA6602452546CA0500F7DCBB;
			remoteInfo = ZDFfiHookDemo;
		};
		FA66026D2546CA0700F7DCBB /* PBXContainerItemProxy */ = {
			isa = PBXContainerItemProxy;
			containerPortal = FA66023E2546CA0500F7DCBB /* Project object */;
			proxyType = 1;
			remoteGlobalIDString = FA6602452546CA0500F7DCBB;
			remoteInfo = ZDFfiHookDemo;
		};
/* End PBXContainerItemProxy section */

/* Begin PBXFileReference section */
		1274A5C94B8486F49543905A /* Pods-ZDFfiHookDemo.release.xcconfig */ = {isa = PBXFileReference; includeInIndex = 1; lastKnownFileType = text.xcconfig; name = "Pods-ZDFfiHookDemo.release.xcconfig"; path = "Target Support Files/Pods-ZDFfiHookDemo/Pods-ZDFfiHookDemo.release.xcconfig"; sourceTree = "<group>"; };
		13A2A2A24D50DA75820B2B1F /* Pods-ZDFfiHookDemo.debug.xcconfig */ = {isa = PBXFileReference; includeInIndex = 1; lastKnownFileType = text.xcconfig; name = "Pods-ZDFfiHookDemo.debug.xcconfig"; path = "Target Support Files/Pods-ZDFfiHookDemo/Pods-ZDFfiHookDemo.debug.xcconfig"; sourceTree = "<group>"; };
		5C5F459ED9AE5E4F4AC6E1EA /* Pods-ZDFfiHookDemo-ZDFfiHookDemoUITests.release.xcconfig */ = {isa = PBXFileReference; includeInIndex = 1; lastKnownFileType = text.xcconfig; name = "Pods-ZDFfiHookDemo-ZDFfiHookDemoUITests.release.xcconfig"; path = "Target Support Files/Pods-ZDFfiHookDemo-ZDFfiHookDemoUITests/Pods-ZDFfiHookDemo-ZDFfiHookDemoUITests.release.xcconfig"; sourceTree = "<group>"; };
		61693D3C021757A9339B6747 /* Pods-ZDFfiHookDemoTests.release.xcconfig */ = {isa = PBXFileReference; includeInIndex = 1; lastKnownFileType = text.xcconfig; name = "Pods-ZDFfiHookDemoTests.release.xcconfig"; path = "Target Support Files/Pods-ZDFfiHookDemoTests/Pods-ZDFfiHookDemoTests.release.xcconfig"; sourceTree = "<group>"; };
		75686D795EF14ADEDA6AF2A0 /* Pods-ZDFfiHookDemoTests.debug.xcconfig */ = {isa = PBXFileReference; includeInIndex = 1; lastKnownFileType = text.xcconfig; name = "Pods-ZDFfiHookDemoTests.debug.xcconfig"; path = "Target Support Files/Pods-ZDFfiHookDemoTests/Pods-ZDFfiHookDemoTests.debug.xcconfig"; sourceTree = "<group>"; };
		B15C31CBA58FAA109C855F88 /* libPods-ZDFfiHookDemo-ZDFfiHookDemoUITests.a */ = {isa = PBXFileReference; explicitFileType = archive.ar; includeInIndex = 0; path = "libPods-ZDFfiHookDemo-ZDFfiHookDemoUITests.a"; sourceTree = BUILT_PRODUCTS_DIR; };
		BDA35D688BD28047F409992B /* Pods-ZDFfiHookDemo-ZDFfiHookDemoUITests.debug.xcconfig */ = {isa = PBXFileReference; includeInIndex = 1; lastKnownFileType = text.xcconfig; name = "Pods-ZDFfiHookDemo-ZDFfiHookDemoUITests.debug.xcconfig"; path = "Target Support Files/Pods-ZDFfiHookDemo-ZDFfiHookDemoUITests/Pods-ZDFfiHookDemo-ZDFfiHookDemoUITests.debug.xcconfig"; sourceTree = "<group>"; };
		DAD9B9D7257E8D91006E0AC7 /* ZDModelTests.h */ = {isa = PBXFileReference; lastKnownFileType = sourcecode.c.h; path = ZDModelTests.h; sourceTree = "<group>"; };
		DAD9B9D8257E8D91006E0AC7 /* ZDModelTests.m */ = {isa = PBXFileReference; lastKnownFileType = sourcecode.c.objc; path = ZDModelTests.m; sourceTree = "<group>"; };
		E8D529CD2F76E80D0366DF53 /* libPods-ZDFfiHookDemoTests.a */ = {isa = PBXFileReference; explicitFileType = archive.ar; includeInIndex = 0; path = "libPods-ZDFfiHookDemoTests.a"; sourceTree = BUILT_PRODUCTS_DIR; };
		ECA88E58BF840922BDEC66B2 /* libPods-ZDFfiHookDemo.a */ = {isa = PBXFileReference; explicitFileType = archive.ar; includeInIndex = 0; path = "libPods-ZDFfiHookDemo.a"; sourceTree = BUILT_PRODUCTS_DIR; };
		FA6602462546CA0500F7DCBB /* ZDFfiHookDemo.app */ = {isa = PBXFileReference; explicitFileType = wrapper.application; includeInIndex = 0; path = ZDFfiHookDemo.app; sourceTree = BUILT_PRODUCTS_DIR; };
		FA6602492546CA0600F7DCBB /* AppDelegate.h */ = {isa = PBXFileReference; lastKnownFileType = sourcecode.c.h; path = AppDelegate.h; sourceTree = "<group>"; };
		FA66024A2546CA0600F7DCBB /* AppDelegate.m */ = {isa = PBXFileReference; lastKnownFileType = sourcecode.c.objc; path = AppDelegate.m; sourceTree = "<group>"; };
		FA66024C2546CA0600F7DCBB /* SceneDelegate.h */ = {isa = PBXFileReference; lastKnownFileType = sourcecode.c.h; path = SceneDelegate.h; sourceTree = "<group>"; };
		FA66024D2546CA0600F7DCBB /* SceneDelegate.m */ = {isa = PBXFileReference; lastKnownFileType = sourcecode.c.objc; path = SceneDelegate.m; sourceTree = "<group>"; };
		FA66024F2546CA0600F7DCBB /* ViewController.h */ = {isa = PBXFileReference; lastKnownFileType = sourcecode.c.h; path = ViewController.h; sourceTree = "<group>"; };
		FA6602502546CA0600F7DCBB /* ViewController.m */ = {isa = PBXFileReference; lastKnownFileType = sourcecode.c.objc; path = ViewController.m; sourceTree = "<group>"; };
		FA6602532546CA0600F7DCBB /* Base */ = {isa = PBXFileReference; lastKnownFileType = file.storyboard; name = Base; path = Base.lproj/Main.storyboard; sourceTree = "<group>"; };
		FA6602552546CA0700F7DCBB /* Assets.xcassets */ = {isa = PBXFileReference; lastKnownFileType = folder.assetcatalog; path = Assets.xcassets; sourceTree = "<group>"; };
		FA6602582546CA0700F7DCBB /* Base */ = {isa = PBXFileReference; lastKnownFileType = file.storyboard; name = Base; path = Base.lproj/LaunchScreen.storyboard; sourceTree = "<group>"; };
		FA66025A2546CA0700F7DCBB /* Info.plist */ = {isa = PBXFileReference; lastKnownFileType = text.plist.xml; path = Info.plist; sourceTree = "<group>"; };
		FA66025B2546CA0700F7DCBB /* main.m */ = {isa = PBXFileReference; lastKnownFileType = sourcecode.c.objc; path = main.m; sourceTree = "<group>"; };
		FA6602612546CA0700F7DCBB /* ZDFfiHookDemoTests.xctest */ = {isa = PBXFileReference; explicitFileType = wrapper.cfbundle; includeInIndex = 0; path = ZDFfiHookDemoTests.xctest; sourceTree = BUILT_PRODUCTS_DIR; };
		FA6602652546CA0700F7DCBB /* ZDFfiHookDemoTests.m */ = {isa = PBXFileReference; lastKnownFileType = sourcecode.c.objc; path = ZDFfiHookDemoTests.m; sourceTree = "<group>"; };
		FA6602672546CA0700F7DCBB /* Info.plist */ = {isa = PBXFileReference; lastKnownFileType = text.plist.xml; path = Info.plist; sourceTree = "<group>"; };
		FA66026C2546CA0700F7DCBB /* ZDFfiHookDemoUITests.xctest */ = {isa = PBXFileReference; explicitFileType = wrapper.cfbundle; includeInIndex = 0; path = ZDFfiHookDemoUITests.xctest; sourceTree = BUILT_PRODUCTS_DIR; };
		FA6602702546CA0700F7DCBB /* ZDFfiHookDemoUITests.m */ = {isa = PBXFileReference; lastKnownFileType = sourcecode.c.objc; path = ZDFfiHookDemoUITests.m; sourceTree = "<group>"; };
		FA6602722546CA0700F7DCBB /* Info.plist */ = {isa = PBXFileReference; lastKnownFileType = text.plist.xml; path = Info.plist; sourceTree = "<group>"; };
		FA66028A2546CA7E00F7DCBB /* ZDViewController.h */ = {isa = PBXFileReference; fileEncoding = 4; lastKnownFileType = sourcecode.c.h; path = ZDViewController.h; sourceTree = "<group>"; };
		FA66028B2546CA7E00F7DCBB /* AController.h */ = {isa = PBXFileReference; fileEncoding = 4; lastKnownFileType = sourcecode.c.h; path = AController.h; sourceTree = "<group>"; };
		FA66028C2546CA7E00F7DCBB /* ZDViewController.m */ = {isa = PBXFileReference; fileEncoding = 4; lastKnownFileType = sourcecode.c.objc; path = ZDViewController.m; sourceTree = "<group>"; };
		FA66028D2546CA7E00F7DCBB /* AController.m */ = {isa = PBXFileReference; fileEncoding = 4; lastKnownFileType = sourcecode.c.objc; path = AController.m; sourceTree = "<group>"; };
/* End PBXFileReference section */

/* Begin PBXFrameworksBuildPhase section */
		FA6602432546CA0500F7DCBB /* Frameworks */ = {
			isa = PBXFrameworksBuildPhase;
			buildActionMask = 2147483647;
			files = (
				2E14708ADF285AFC3E76C8DB /* libPods-ZDFfiHookDemo.a in Frameworks */,
			);
			runOnlyForDeploymentPostprocessing = 0;
		};
		FA66025E2546CA0700F7DCBB /* Frameworks */ = {
			isa = PBXFrameworksBuildPhase;
			buildActionMask = 2147483647;
			files = (
				6F547EE401DD12471E75ABDA /* libPods-ZDFfiHookDemoTests.a in Frameworks */,
			);
			runOnlyForDeploymentPostprocessing = 0;
		};
		FA6602692546CA0700F7DCBB /* Frameworks */ = {
			isa = PBXFrameworksBuildPhase;
			buildActionMask = 2147483647;
			files = (
				79309134F0CD718C47E017CB /* libPods-ZDFfiHookDemo-ZDFfiHookDemoUITests.a in Frameworks */,
			);
			runOnlyForDeploymentPostprocessing = 0;
		};
/* End PBXFrameworksBuildPhase section */

/* Begin PBXGroup section */
		021A4DED9C13059335B81288 /* Pods */ = {
			isa = PBXGroup;
			children = (
				13A2A2A24D50DA75820B2B1F /* Pods-ZDFfiHookDemo.debug.xcconfig */,
				1274A5C94B8486F49543905A /* Pods-ZDFfiHookDemo.release.xcconfig */,
				BDA35D688BD28047F409992B /* Pods-ZDFfiHookDemo-ZDFfiHookDemoUITests.debug.xcconfig */,
				5C5F459ED9AE5E4F4AC6E1EA /* Pods-ZDFfiHookDemo-ZDFfiHookDemoUITests.release.xcconfig */,
				75686D795EF14ADEDA6AF2A0 /* Pods-ZDFfiHookDemoTests.debug.xcconfig */,
				61693D3C021757A9339B6747 /* Pods-ZDFfiHookDemoTests.release.xcconfig */,
			);
			path = Pods;
			sourceTree = "<group>";
		};
		C6AB99E59C20800134A5FCDF /* Frameworks */ = {
			isa = PBXGroup;
			children = (
				ECA88E58BF840922BDEC66B2 /* libPods-ZDFfiHookDemo.a */,
				B15C31CBA58FAA109C855F88 /* libPods-ZDFfiHookDemo-ZDFfiHookDemoUITests.a */,
				E8D529CD2F76E80D0366DF53 /* libPods-ZDFfiHookDemoTests.a */,
			);
			name = Frameworks;
			sourceTree = "<group>";
		};
		FA66023D2546CA0500F7DCBB = {
			isa = PBXGroup;
			children = (
				FA6602482546CA0600F7DCBB /* ZDFfiHookDemo */,
				FA6602642546CA0700F7DCBB /* ZDFfiHookDemoTests */,
				FA66026F2546CA0700F7DCBB /* ZDFfiHookDemoUITests */,
				FA6602472546CA0500F7DCBB /* Products */,
				021A4DED9C13059335B81288 /* Pods */,
				C6AB99E59C20800134A5FCDF /* Frameworks */,
			);
			sourceTree = "<group>";
		};
		FA6602472546CA0500F7DCBB /* Products */ = {
			isa = PBXGroup;
			children = (
				FA6602462546CA0500F7DCBB /* ZDFfiHookDemo.app */,
				FA6602612546CA0700F7DCBB /* ZDFfiHookDemoTests.xctest */,
				FA66026C2546CA0700F7DCBB /* ZDFfiHookDemoUITests.xctest */,
			);
			name = Products;
			sourceTree = "<group>";
		};
		FA6602482546CA0600F7DCBB /* ZDFfiHookDemo */ = {
			isa = PBXGroup;
			children = (
				FA6602892546CA5F00F7DCBB /* ViewController */,
				FA6602492546CA0600F7DCBB /* AppDelegate.h */,
				FA66024A2546CA0600F7DCBB /* AppDelegate.m */,
				FA66024C2546CA0600F7DCBB /* SceneDelegate.h */,
				FA66024D2546CA0600F7DCBB /* SceneDelegate.m */,
				FA66024F2546CA0600F7DCBB /* ViewController.h */,
				FA6602502546CA0600F7DCBB /* ViewController.m */,
				FA6602522546CA0600F7DCBB /* Main.storyboard */,
				FA6602552546CA0700F7DCBB /* Assets.xcassets */,
				FA6602572546CA0700F7DCBB /* LaunchScreen.storyboard */,
				FA66025A2546CA0700F7DCBB /* Info.plist */,
				FA66025B2546CA0700F7DCBB /* main.m */,
			);
			path = ZDFfiHookDemo;
			sourceTree = "<group>";
		};
		FA6602642546CA0700F7DCBB /* ZDFfiHookDemoTests */ = {
			isa = PBXGroup;
			children = (
				FA6602652546CA0700F7DCBB /* ZDFfiHookDemoTests.m */,
				DAD9B9D7257E8D91006E0AC7 /* ZDModelTests.h */,
				DAD9B9D8257E8D91006E0AC7 /* ZDModelTests.m */,
				FA6602672546CA0700F7DCBB /* Info.plist */,
			);
			path = ZDFfiHookDemoTests;
			sourceTree = "<group>";
		};
		FA66026F2546CA0700F7DCBB /* ZDFfiHookDemoUITests */ = {
			isa = PBXGroup;
			children = (
				FA6602702546CA0700F7DCBB /* ZDFfiHookDemoUITests.m */,
				FA6602722546CA0700F7DCBB /* Info.plist */,
			);
			path = ZDFfiHookDemoUITests;
			sourceTree = "<group>";
		};
		FA6602892546CA5F00F7DCBB /* ViewController */ = {
			isa = PBXGroup;
			children = (
				FA66028B2546CA7E00F7DCBB /* AController.h */,
				FA66028D2546CA7E00F7DCBB /* AController.m */,
				FA66028A2546CA7E00F7DCBB /* ZDViewController.h */,
				FA66028C2546CA7E00F7DCBB /* ZDViewController.m */,
			);
			path = ViewController;
			sourceTree = "<group>";
		};
/* End PBXGroup section */

/* Begin PBXNativeTarget section */
		FA6602452546CA0500F7DCBB /* ZDFfiHookDemo */ = {
			isa = PBXNativeTarget;
			buildConfigurationList = FA6602752546CA0700F7DCBB /* Build configuration list for PBXNativeTarget "ZDFfiHookDemo" */;
			buildPhases = (
				DF271F2FE5786A01A350C2D7 /* [CP] Check Pods Manifest.lock */,
				FA6602422546CA0500F7DCBB /* Sources */,
				FA6602432546CA0500F7DCBB /* Frameworks */,
				FA6602442546CA0500F7DCBB /* Resources */,
			);
			buildRules = (
			);
			dependencies = (
			);
			name = ZDFfiHookDemo;
			productName = ZDFfiHookDemo;
			productReference = FA6602462546CA0500F7DCBB /* ZDFfiHookDemo.app */;
			productType = "com.apple.product-type.application";
		};
		FA6602602546CA0700F7DCBB /* ZDFfiHookDemoTests */ = {
			isa = PBXNativeTarget;
			buildConfigurationList = FA6602782546CA0700F7DCBB /* Build configuration list for PBXNativeTarget "ZDFfiHookDemoTests" */;
			buildPhases = (
				6B8BBA7F46D2324D807748C9 /* [CP] Check Pods Manifest.lock */,
				FA66025D2546CA0700F7DCBB /* Sources */,
				FA66025E2546CA0700F7DCBB /* Frameworks */,
				FA66025F2546CA0700F7DCBB /* Resources */,
			);
			buildRules = (
			);
			dependencies = (
				FA6602632546CA0700F7DCBB /* PBXTargetDependency */,
			);
			name = ZDFfiHookDemoTests;
			productName = ZDFfiHookDemoTests;
			productReference = FA6602612546CA0700F7DCBB /* ZDFfiHookDemoTests.xctest */;
			productType = "com.apple.product-type.bundle.unit-test";
		};
		FA66026B2546CA0700F7DCBB /* ZDFfiHookDemoUITests */ = {
			isa = PBXNativeTarget;
			buildConfigurationList = FA66027B2546CA0700F7DCBB /* Build configuration list for PBXNativeTarget "ZDFfiHookDemoUITests" */;
			buildPhases = (
				FD5C3A6BC35344744BB6774E /* [CP] Check Pods Manifest.lock */,
				FA6602682546CA0700F7DCBB /* Sources */,
				FA6602692546CA0700F7DCBB /* Frameworks */,
				FA66026A2546CA0700F7DCBB /* Resources */,
			);
			buildRules = (
			);
			dependencies = (
				FA66026E2546CA0700F7DCBB /* PBXTargetDependency */,
			);
			name = ZDFfiHookDemoUITests;
			productName = ZDFfiHookDemoUITests;
			productReference = FA66026C2546CA0700F7DCBB /* ZDFfiHookDemoUITests.xctest */;
			productType = "com.apple.product-type.bundle.ui-testing";
		};
/* End PBXNativeTarget section */

/* Begin PBXProject section */
		FA66023E2546CA0500F7DCBB /* Project object */ = {
			isa = PBXProject;
			attributes = {
				LastUpgradeCheck = 1200;
				TargetAttributes = {
					FA6602452546CA0500F7DCBB = {
						CreatedOnToolsVersion = 12.0.1;
					};
					FA6602602546CA0700F7DCBB = {
						CreatedOnToolsVersion = 12.0.1;
						TestTargetID = FA6602452546CA0500F7DCBB;
					};
					FA66026B2546CA0700F7DCBB = {
						CreatedOnToolsVersion = 12.0.1;
						TestTargetID = FA6602452546CA0500F7DCBB;
					};
				};
			};
			buildConfigurationList = FA6602412546CA0500F7DCBB /* Build configuration list for PBXProject "ZDFfiHookDemo" */;
			compatibilityVersion = "Xcode 9.3";
			developmentRegion = en;
			hasScannedForEncodings = 0;
			knownRegions = (
				en,
				Base,
			);
			mainGroup = FA66023D2546CA0500F7DCBB;
			productRefGroup = FA6602472546CA0500F7DCBB /* Products */;
			projectDirPath = "";
			projectRoot = "";
			targets = (
				FA6602452546CA0500F7DCBB /* ZDFfiHookDemo */,
				FA6602602546CA0700F7DCBB /* ZDFfiHookDemoTests */,
				FA66026B2546CA0700F7DCBB /* ZDFfiHookDemoUITests */,
			);
		};
/* End PBXProject section */

/* Begin PBXResourcesBuildPhase section */
		FA6602442546CA0500F7DCBB /* Resources */ = {
			isa = PBXResourcesBuildPhase;
			buildActionMask = 2147483647;
			files = (
				FA6602592546CA0700F7DCBB /* LaunchScreen.storyboard in Resources */,
				FA6602562546CA0700F7DCBB /* Assets.xcassets in Resources */,
				FA6602542546CA0600F7DCBB /* Main.storyboard in Resources */,
			);
			runOnlyForDeploymentPostprocessing = 0;
		};
		FA66025F2546CA0700F7DCBB /* Resources */ = {
			isa = PBXResourcesBuildPhase;
			buildActionMask = 2147483647;
			files = (
			);
			runOnlyForDeploymentPostprocessing = 0;
		};
		FA66026A2546CA0700F7DCBB /* Resources */ = {
			isa = PBXResourcesBuildPhase;
			buildActionMask = 2147483647;
			files = (
			);
			runOnlyForDeploymentPostprocessing = 0;
		};
/* End PBXResourcesBuildPhase section */

/* Begin PBXShellScriptBuildPhase section */
		6B8BBA7F46D2324D807748C9 /* [CP] Check Pods Manifest.lock */ = {
			isa = PBXShellScriptBuildPhase;
			buildActionMask = 2147483647;
			files = (
			);
			inputFileListPaths = (
			);
			inputPaths = (
				"${PODS_PODFILE_DIR_PATH}/Podfile.lock",
				"${PODS_ROOT}/Manifest.lock",
			);
			name = "[CP] Check Pods Manifest.lock";
			outputFileListPaths = (
			);
			outputPaths = (
				"$(DERIVED_FILE_DIR)/Pods-ZDFfiHookDemoTests-checkManifestLockResult.txt",
			);
			runOnlyForDeploymentPostprocessing = 0;
			shellPath = /bin/sh;
			shellScript = "diff \"${PODS_PODFILE_DIR_PATH}/Podfile.lock\" \"${PODS_ROOT}/Manifest.lock\" > /dev/null\nif [ $? != 0 ] ; then\n    # print error to STDERR\n    echo \"error: The sandbox is not in sync with the Podfile.lock. Run 'pod install' or update your CocoaPods installation.\" >&2\n    exit 1\nfi\n# This output is used by Xcode 'outputs' to avoid re-running this script phase.\necho \"SUCCESS\" > \"${SCRIPT_OUTPUT_FILE_0}\"\n";
			showEnvVarsInLog = 0;
		};
		DF271F2FE5786A01A350C2D7 /* [CP] Check Pods Manifest.lock */ = {
			isa = PBXShellScriptBuildPhase;
			buildActionMask = 2147483647;
			files = (
			);
			inputFileListPaths = (
			);
			inputPaths = (
				"${PODS_PODFILE_DIR_PATH}/Podfile.lock",
				"${PODS_ROOT}/Manifest.lock",
			);
			name = "[CP] Check Pods Manifest.lock";
			outputFileListPaths = (
			);
			outputPaths = (
				"$(DERIVED_FILE_DIR)/Pods-ZDFfiHookDemo-checkManifestLockResult.txt",
			);
			runOnlyForDeploymentPostprocessing = 0;
			shellPath = /bin/sh;
			shellScript = "diff \"${PODS_PODFILE_DIR_PATH}/Podfile.lock\" \"${PODS_ROOT}/Manifest.lock\" > /dev/null\nif [ $? != 0 ] ; then\n    # print error to STDERR\n    echo \"error: The sandbox is not in sync with the Podfile.lock. Run 'pod install' or update your CocoaPods installation.\" >&2\n    exit 1\nfi\n# This output is used by Xcode 'outputs' to avoid re-running this script phase.\necho \"SUCCESS\" > \"${SCRIPT_OUTPUT_FILE_0}\"\n";
			showEnvVarsInLog = 0;
		};
		FD5C3A6BC35344744BB6774E /* [CP] Check Pods Manifest.lock */ = {
			isa = PBXShellScriptBuildPhase;
			buildActionMask = 2147483647;
			files = (
			);
			inputFileListPaths = (
			);
			inputPaths = (
				"${PODS_PODFILE_DIR_PATH}/Podfile.lock",
				"${PODS_ROOT}/Manifest.lock",
			);
			name = "[CP] Check Pods Manifest.lock";
			outputFileListPaths = (
			);
			outputPaths = (
				"$(DERIVED_FILE_DIR)/Pods-ZDFfiHookDemo-ZDFfiHookDemoUITests-checkManifestLockResult.txt",
			);
			runOnlyForDeploymentPostprocessing = 0;
			shellPath = /bin/sh;
			shellScript = "diff \"${PODS_PODFILE_DIR_PATH}/Podfile.lock\" \"${PODS_ROOT}/Manifest.lock\" > /dev/null\nif [ $? != 0 ] ; then\n    # print error to STDERR\n    echo \"error: The sandbox is not in sync with the Podfile.lock. Run 'pod install' or update your CocoaPods installation.\" >&2\n    exit 1\nfi\n# This output is used by Xcode 'outputs' to avoid re-running this script phase.\necho \"SUCCESS\" > \"${SCRIPT_OUTPUT_FILE_0}\"\n";
			showEnvVarsInLog = 0;
		};
/* End PBXShellScriptBuildPhase section */

/* Begin PBXSourcesBuildPhase section */
		FA6602422546CA0500F7DCBB /* Sources */ = {
			isa = PBXSourcesBuildPhase;
			buildActionMask = 2147483647;
			files = (
				FA6602512546CA0600F7DCBB /* ViewController.m in Sources */,
				FA66028F2546CA7E00F7DCBB /* AController.m in Sources */,
				FA66024B2546CA0600F7DCBB /* AppDelegate.m in Sources */,
				FA66025C2546CA0700F7DCBB /* main.m in Sources */,
				FA66024E2546CA0600F7DCBB /* SceneDelegate.m in Sources */,
				FA66028E2546CA7E00F7DCBB /* ZDViewController.m in Sources */,
			);
			runOnlyForDeploymentPostprocessing = 0;
		};
		FA66025D2546CA0700F7DCBB /* Sources */ = {
			isa = PBXSourcesBuildPhase;
			buildActionMask = 2147483647;
			files = (
				FA6602662546CA0700F7DCBB /* ZDFfiHookDemoTests.m in Sources */,
				DAD9B9D9257E8D91006E0AC7 /* ZDModelTests.m in Sources */,
			);
			runOnlyForDeploymentPostprocessing = 0;
		};
		FA6602682546CA0700F7DCBB /* Sources */ = {
			isa = PBXSourcesBuildPhase;
			buildActionMask = 2147483647;
			files = (
				FA6602712546CA0700F7DCBB /* ZDFfiHookDemoUITests.m in Sources */,
			);
			runOnlyForDeploymentPostprocessing = 0;
		};
/* End PBXSourcesBuildPhase section */

/* Begin PBXTargetDependency section */
		FA6602632546CA0700F7DCBB /* PBXTargetDependency */ = {
			isa = PBXTargetDependency;
			target = FA6602452546CA0500F7DCBB /* ZDFfiHookDemo */;
			targetProxy = FA6602622546CA0700F7DCBB /* PBXContainerItemProxy */;
		};
		FA66026E2546CA0700F7DCBB /* PBXTargetDependency */ = {
			isa = PBXTargetDependency;
			target = FA6602452546CA0500F7DCBB /* ZDFfiHookDemo */;
			targetProxy = FA66026D2546CA0700F7DCBB /* PBXContainerItemProxy */;
		};
/* End PBXTargetDependency section */

/* Begin PBXVariantGroup section */
		FA6602522546CA0600F7DCBB /* Main.storyboard */ = {
			isa = PBXVariantGroup;
			children = (
				FA6602532546CA0600F7DCBB /* Base */,
			);
			name = Main.storyboard;
			sourceTree = "<group>";
		};
		FA6602572546CA0700F7DCBB /* LaunchScreen.storyboard */ = {
			isa = PBXVariantGroup;
			children = (
				FA6602582546CA0700F7DCBB /* Base */,
			);
			name = LaunchScreen.storyboard;
			sourceTree = "<group>";
		};
/* End PBXVariantGroup section */

/* Begin XCBuildConfiguration section */
		FA6602732546CA0700F7DCBB /* Debug */ = {
			isa = XCBuildConfiguration;
			buildSettings = {
				ALWAYS_SEARCH_USER_PATHS = NO;
				CLANG_ANALYZER_NONNULL = YES;
				CLANG_ANALYZER_NUMBER_OBJECT_CONVERSION = YES_AGGRESSIVE;
				CLANG_CXX_LANGUAGE_STANDARD = "gnu++14";
				CLANG_CXX_LIBRARY = "libc++";
				CLANG_ENABLE_MODULES = YES;
				CLANG_ENABLE_OBJC_ARC = YES;
				CLANG_ENABLE_OBJC_WEAK = YES;
				CLANG_WARN_BLOCK_CAPTURE_AUTORELEASING = YES;
				CLANG_WARN_BOOL_CONVERSION = YES;
				CLANG_WARN_COMMA = YES;
				CLANG_WARN_CONSTANT_CONVERSION = YES;
				CLANG_WARN_DEPRECATED_OBJC_IMPLEMENTATIONS = YES;
				CLANG_WARN_DIRECT_OBJC_ISA_USAGE = YES_ERROR;
				CLANG_WARN_DOCUMENTATION_COMMENTS = YES;
				CLANG_WARN_EMPTY_BODY = YES;
				CLANG_WARN_ENUM_CONVERSION = YES;
				CLANG_WARN_INFINITE_RECURSION = YES;
				CLANG_WARN_INT_CONVERSION = YES;
				CLANG_WARN_NON_LITERAL_NULL_CONVERSION = YES;
				CLANG_WARN_OBJC_IMPLICIT_RETAIN_SELF = YES;
				CLANG_WARN_OBJC_LITERAL_CONVERSION = YES;
				CLANG_WARN_OBJC_ROOT_CLASS = YES_ERROR;
				CLANG_WARN_QUOTED_INCLUDE_IN_FRAMEWORK_HEADER = YES;
				CLANG_WARN_RANGE_LOOP_ANALYSIS = YES;
				CLANG_WARN_STRICT_PROTOTYPES = YES;
				CLANG_WARN_SUSPICIOUS_MOVE = YES;
				CLANG_WARN_UNGUARDED_AVAILABILITY = YES_AGGRESSIVE;
				CLANG_WARN_UNREACHABLE_CODE = YES;
				CLANG_WARN__DUPLICATE_METHOD_MATCH = YES;
				COPY_PHASE_STRIP = NO;
				DEBUG_INFORMATION_FORMAT = dwarf;
				ENABLE_STRICT_OBJC_MSGSEND = YES;
				ENABLE_TESTABILITY = YES;
				GCC_C_LANGUAGE_STANDARD = gnu11;
				GCC_DYNAMIC_NO_PIC = NO;
				GCC_NO_COMMON_BLOCKS = YES;
				GCC_OPTIMIZATION_LEVEL = 0;
				GCC_PREPROCESSOR_DEFINITIONS = (
					"DEBUG=1",
					"$(inherited)",
				);
				GCC_WARN_64_TO_32_BIT_CONVERSION = YES;
				GCC_WARN_ABOUT_RETURN_TYPE = YES_ERROR;
				GCC_WARN_UNDECLARED_SELECTOR = YES;
				GCC_WARN_UNINITIALIZED_AUTOS = YES_AGGRESSIVE;
				GCC_WARN_UNUSED_FUNCTION = YES;
				GCC_WARN_UNUSED_VARIABLE = YES;
				IPHONEOS_DEPLOYMENT_TARGET = 14.0;
				MTL_ENABLE_DEBUG_INFO = INCLUDE_SOURCE;
				MTL_FAST_MATH = YES;
				ONLY_ACTIVE_ARCH = YES;
				SDKROOT = iphoneos;
			};
			name = Debug;
		};
		FA6602742546CA0700F7DCBB /* Release */ = {
			isa = XCBuildConfiguration;
			buildSettings = {
				ALWAYS_SEARCH_USER_PATHS = NO;
				CLANG_ANALYZER_NONNULL = YES;
				CLANG_ANALYZER_NUMBER_OBJECT_CONVERSION = YES_AGGRESSIVE;
				CLANG_CXX_LANGUAGE_STANDARD = "gnu++14";
				CLANG_CXX_LIBRARY = "libc++";
				CLANG_ENABLE_MODULES = YES;
				CLANG_ENABLE_OBJC_ARC = YES;
				CLANG_ENABLE_OBJC_WEAK = YES;
				CLANG_WARN_BLOCK_CAPTURE_AUTORELEASING = YES;
				CLANG_WARN_BOOL_CONVERSION = YES;
				CLANG_WARN_COMMA = YES;
				CLANG_WARN_CONSTANT_CONVERSION = YES;
				CLANG_WARN_DEPRECATED_OBJC_IMPLEMENTATIONS = YES;
				CLANG_WARN_DIRECT_OBJC_ISA_USAGE = YES_ERROR;
				CLANG_WARN_DOCUMENTATION_COMMENTS = YES;
				CLANG_WARN_EMPTY_BODY = YES;
				CLANG_WARN_ENUM_CONVERSION = YES;
				CLANG_WARN_INFINITE_RECURSION = YES;
				CLANG_WARN_INT_CONVERSION = YES;
				CLANG_WARN_NON_LITERAL_NULL_CONVERSION = YES;
				CLANG_WARN_OBJC_IMPLICIT_RETAIN_SELF = YES;
				CLANG_WARN_OBJC_LITERAL_CONVERSION = YES;
				CLANG_WARN_OBJC_ROOT_CLASS = YES_ERROR;
				CLANG_WARN_QUOTED_INCLUDE_IN_FRAMEWORK_HEADER = YES;
				CLANG_WARN_RANGE_LOOP_ANALYSIS = YES;
				CLANG_WARN_STRICT_PROTOTYPES = YES;
				CLANG_WARN_SUSPICIOUS_MOVE = YES;
				CLANG_WARN_UNGUARDED_AVAILABILITY = YES_AGGRESSIVE;
				CLANG_WARN_UNREACHABLE_CODE = YES;
				CLANG_WARN__DUPLICATE_METHOD_MATCH = YES;
				COPY_PHASE_STRIP = NO;
				DEBUG_INFORMATION_FORMAT = "dwarf-with-dsym";
				ENABLE_NS_ASSERTIONS = NO;
				ENABLE_STRICT_OBJC_MSGSEND = YES;
				GCC_C_LANGUAGE_STANDARD = gnu11;
				GCC_NO_COMMON_BLOCKS = YES;
				GCC_WARN_64_TO_32_BIT_CONVERSION = YES;
				GCC_WARN_ABOUT_RETURN_TYPE = YES_ERROR;
				GCC_WARN_UNDECLARED_SELECTOR = YES;
				GCC_WARN_UNINITIALIZED_AUTOS = YES_AGGRESSIVE;
				GCC_WARN_UNUSED_FUNCTION = YES;
				GCC_WARN_UNUSED_VARIABLE = YES;
				IPHONEOS_DEPLOYMENT_TARGET = 14.0;
				MTL_ENABLE_DEBUG_INFO = NO;
				MTL_FAST_MATH = YES;
				SDKROOT = iphoneos;
				VALIDATE_PRODUCT = YES;
			};
			name = Release;
		};
		FA6602762546CA0700F7DCBB /* Debug */ = {
			isa = XCBuildConfiguration;
			baseConfigurationReference = 13A2A2A24D50DA75820B2B1F /* Pods-ZDFfiHookDemo.debug.xcconfig */;
			buildSettings = {
				ASSETCATALOG_COMPILER_APPICON_NAME = AppIcon;
				ASSETCATALOG_COMPILER_GLOBAL_ACCENT_COLOR_NAME = AccentColor;
				CODE_SIGN_STYLE = Automatic;
				DEVELOPMENT_TEAM = 36NX5886GJ;
				INFOPLIST_FILE = ZDFfiHookDemo/Info.plist;
				LD_RUNPATH_SEARCH_PATHS = (
					"$(inherited)",
					"@executable_path/Frameworks",
				);
				ONLY_ACTIVE_ARCH = YES;
				PRODUCT_BUNDLE_IDENTIFIER = com.zero.ZDFfiHookDemo;
				PRODUCT_NAME = "$(TARGET_NAME)";
				TARGETED_DEVICE_FAMILY = "1,2";
			};
			name = Debug;
		};
		FA6602772546CA0700F7DCBB /* Release */ = {
			isa = XCBuildConfiguration;
			baseConfigurationReference = 1274A5C94B8486F49543905A /* Pods-ZDFfiHookDemo.release.xcconfig */;
			buildSettings = {
				ASSETCATALOG_COMPILER_APPICON_NAME = AppIcon;
				ASSETCATALOG_COMPILER_GLOBAL_ACCENT_COLOR_NAME = AccentColor;
				CODE_SIGN_STYLE = Automatic;
				DEVELOPMENT_TEAM = 36NX5886GJ;
				INFOPLIST_FILE = ZDFfiHookDemo/Info.plist;
				LD_RUNPATH_SEARCH_PATHS = (
					"$(inherited)",
					"@executable_path/Frameworks",
				);
				ONLY_ACTIVE_ARCH = YES;
				PRODUCT_BUNDLE_IDENTIFIER = com.zero.ZDFfiHookDemo;
				PRODUCT_NAME = "$(TARGET_NAME)";
				TARGETED_DEVICE_FAMILY = "1,2";
			};
			name = Release;
		};
		FA6602792546CA0700F7DCBB /* Debug */ = {
			isa = XCBuildConfiguration;
			baseConfigurationReference = 75686D795EF14ADEDA6AF2A0 /* Pods-ZDFfiHookDemoTests.debug.xcconfig */;
			buildSettings = {
				BUNDLE_LOADER = "$(TEST_HOST)";
				CODE_SIGN_STYLE = Automatic;
				INFOPLIST_FILE = ZDFfiHookDemoTests/Info.plist;
				IPHONEOS_DEPLOYMENT_TARGET = 14.0;
				LD_RUNPATH_SEARCH_PATHS = (
					"$(inherited)",
					"@executable_path/Frameworks",
					"@loader_path/Frameworks",
				);
				PRODUCT_BUNDLE_IDENTIFIER = com.zero.ZDFfiHookDemoTests;
				PRODUCT_NAME = "$(TARGET_NAME)";
				TARGETED_DEVICE_FAMILY = "1,2";
				TEST_HOST = "$(BUILT_PRODUCTS_DIR)/ZDFfiHookDemo.app/ZDFfiHookDemo";
			};
			name = Debug;
		};
		FA66027A2546CA0700F7DCBB /* Release */ = {
			isa = XCBuildConfiguration;
			baseConfigurationReference = 61693D3C021757A9339B6747 /* Pods-ZDFfiHookDemoTests.release.xcconfig */;
			buildSettings = {
				BUNDLE_LOADER = "$(TEST_HOST)";
				CODE_SIGN_STYLE = Automatic;
				INFOPLIST_FILE = ZDFfiHookDemoTests/Info.plist;
				IPHONEOS_DEPLOYMENT_TARGET = 14.0;
				LD_RUNPATH_SEARCH_PATHS = (
					"$(inherited)",
					"@executable_path/Frameworks",
					"@loader_path/Frameworks",
				);
				PRODUCT_BUNDLE_IDENTIFIER = com.zero.ZDFfiHookDemoTests;
				PRODUCT_NAME = "$(TARGET_NAME)";
				TARGETED_DEVICE_FAMILY = "1,2";
				TEST_HOST = "$(BUILT_PRODUCTS_DIR)/ZDFfiHookDemo.app/ZDFfiHookDemo";
			};
			name = Release;
		};
		FA66027C2546CA0700F7DCBB /* Debug */ = {
			isa = XCBuildConfiguration;
			baseConfigurationReference = BDA35D688BD28047F409992B /* Pods-ZDFfiHookDemo-ZDFfiHookDemoUITests.debug.xcconfig */;
			buildSettings = {
				CODE_SIGN_STYLE = Automatic;
				INFOPLIST_FILE = ZDFfiHookDemoUITests/Info.plist;
				LD_RUNPATH_SEARCH_PATHS = (
					"$(inherited)",
					"@executable_path/Frameworks",
					"@loader_path/Frameworks",
				);
				PRODUCT_BUNDLE_IDENTIFIER = com.zero.ZDFfiHookDemoUITests;
				PRODUCT_NAME = "$(TARGET_NAME)";
				TARGETED_DEVICE_FAMILY = "1,2";
				TEST_TARGET_NAME = ZDFfiHookDemo;
			};
			name = Debug;
		};
		FA66027D2546CA0700F7DCBB /* Release */ = {
			isa = XCBuildConfiguration;
			baseConfigurationReference = 5C5F459ED9AE5E4F4AC6E1EA /* Pods-ZDFfiHookDemo-ZDFfiHookDemoUITests.release.xcconfig */;
			buildSettings = {
				CODE_SIGN_STYLE = Automatic;
				INFOPLIST_FILE = ZDFfiHookDemoUITests/Info.plist;
				LD_RUNPATH_SEARCH_PATHS = (
					"$(inherited)",
					"@executable_path/Frameworks",
					"@loader_path/Frameworks",
				);
				PRODUCT_BUNDLE_IDENTIFIER = com.zero.ZDFfiHookDemoUITests;
				PRODUCT_NAME = "$(TARGET_NAME)";
				TARGETED_DEVICE_FAMILY = "1,2";
				TEST_TARGET_NAME = ZDFfiHookDemo;
			};
			name = Release;
		};
/* End XCBuildConfiguration section */

/* Begin XCConfigurationList section */
		FA6602412546CA0500F7DCBB /* Build configuration list for PBXProject "ZDFfiHookDemo" */ = {
			isa = XCConfigurationList;
			buildConfigurations = (
				FA6602732546CA0700F7DCBB /* Debug */,
				FA6602742546CA0700F7DCBB /* Release */,
			);
			defaultConfigurationIsVisible = 0;
			defaultConfigurationName = Release;
		};
		FA6602752546CA0700F7DCBB /* Build configuration list for PBXNativeTarget "ZDFfiHookDemo" */ = {
			isa = XCConfigurationList;
			buildConfigurations = (
				FA6602762546CA0700F7DCBB /* Debug */,
				FA6602772546CA0700F7DCBB /* Release */,
			);
			defaultConfigurationIsVisible = 0;
			defaultConfigurationName = Release;
		};
		FA6602782546CA0700F7DCBB /* Build configuration list for PBXNativeTarget "ZDFfiHookDemoTests" */ = {
			isa = XCConfigurationList;
			buildConfigurations = (
				FA6602792546CA0700F7DCBB /* Debug */,
				FA66027A2546CA0700F7DCBB /* Release */,
			);
			defaultConfigurationIsVisible = 0;
			defaultConfigurationName = Release;
		};
		FA66027B2546CA0700F7DCBB /* Build configuration list for PBXNativeTarget "ZDFfiHookDemoUITests" */ = {
			isa = XCConfigurationList;
			buildConfigurations = (
				FA66027C2546CA0700F7DCBB /* Debug */,
				FA66027D2546CA0700F7DCBB /* Release */,
			);
			defaultConfigurationIsVisible = 0;
			defaultConfigurationName = Release;
		};
/* End XCConfigurationList section */
	};
	rootObject = FA66023E2546CA0500F7DCBB /* Project object */;
}
