PODS:
  - Aspects (1.4.1)
  - ZDFfiHook (0.0.1):
    - ZDLibffi
  - ZDLibffi (0.0.3)

DEPENDENCIES:
  - Aspects
  - ZDFfiHook (from `./ZDFfiHook.podspec`)

SPEC REPOS:
  trunk:
    - Aspects
    - ZDLibffi

EXTERNAL SOURCES:
  ZDFfiHook:
    :path: "./ZDFfiHook.podspec"

SPEC CHECKSUMS:
  Aspects: 7595ba96a6727a58ebcbfc954497fc5d2fdde546
  ZDFfiHook: 24c626034dfe7181104b03c0b3c84120a00a4aab
  ZDLibffi: 6d5bebe675e0856c3703a501c3c83897c67c1ffc

PODFILE CHECKSUM: 9b08b66425058bfda7b668643e405d1e2771c830

COCOAPODS: 1.11.2
