// !$*UTF8*$!
{
	archiveVersion = 1;
	classes = {
	};
	objectVersion = 50;
	objects = {

/* Begin PBXBuildFile section */
		82FA0FEAA48E067A7B030659 /* libPods-ZDFfiHookTests.a in Frameworks */ = {isa = PBXBuildFile; fileRef = 7C114CB6B47635A4A4C457E3 /* libPods-ZDFfiHookTests.a */; };
		B107C39F2F96554D0062431D /* libPods-ZDFfiHook.a in Frameworks */ = {isa = PBXBuildFile; fileRef = 744B688C55FF91BCA2E57C20 /* libPods-ZDFfiHook.a */; };
		EC3A3F7A738D689591F1012E /* libPods-ZDFfiHook-ZDFfiHookUITests.a in Frameworks */ = {isa = PBXBuildFile; fileRef = E2786633383B1677451AAC85 /* libPods-ZDFfiHook-ZDFfiHookUITests.a */; };
		FABB7B0923ACB568009FBCCF /* AppDelegate.m in Sources */ = {isa = PBXBuildFile; fileRef = FABB7B0823ACB568009FBCCF /* AppDelegate.m */; };
		FABB7B0C23ACB568009FBCCF /* SceneDelegate.m in Sources */ = {isa = PBXBuildFile; fileRef = FABB7B0B23ACB568009FBCCF /* SceneDelegate.m */; };
		FABB7B0F23ACB568009FBCCF /* ViewController.m in Sources */ = {isa = PBXBuildFile; fileRef = FABB7B0E23ACB568009FBCCF /* ViewController.m */; };
		FABB7B1223ACB568009FBCCF /* Main.storyboard in Resources */ = {isa = PBXBuildFile; fileRef = FABB7B1023ACB568009FBCCF /* Main.storyboard */; };
		FABB7B1423ACB56A009FBCCF /* Assets.xcassets in Resources */ = {isa = PBXBuildFile; fileRef = FABB7B1323ACB56A009FBCCF /* Assets.xcassets */; };
		FABB7B1723ACB56A009FBCCF /* LaunchScreen.storyboard in Resources */ = {isa = PBXBuildFile; fileRef = FABB7B1523ACB56A009FBCCF /* LaunchScreen.storyboard */; };
		FABB7B1A23ACB56A009FBCCF /* main.m in Sources */ = {isa = PBXBuildFile; fileRef = FABB7B1923ACB56A009FBCCF /* main.m */; };
		FABB7B2423ACB56A009FBCCF /* ZDFfiHookTests.m in Sources */ = {isa = PBXBuildFile; fileRef = FABB7B2323ACB56A009FBCCF /* ZDFfiHookTests.m */; };
		FABB7B2F23ACB56A009FBCCF /* ZDFfiHookUITests.m in Sources */ = {isa = PBXBuildFile; fileRef = FABB7B2E23ACB56A009FBCCF /* ZDFfiHookUITests.m */; };
		FABB7B4023ACBCEC009FBCCF /* ZDFfiHook.m in Sources */ = {isa = PBXBuildFile; fileRef = FABB7B3F23ACBCEC009FBCCF /* ZDFfiHook.m */; };
		FABB7B4323ACBD31009FBCCF /* ZDFfiHookInfo.m in Sources */ = {isa = PBXBuildFile; fileRef = FABB7B4223ACBD31009FBCCF /* ZDFfiHookInfo.m */; };
		FABB7B4623ACBECD009FBCCF /* ZDFfiFunctions.m in Sources */ = {isa = PBXBuildFile; fileRef = FABB7B4523ACBECD009FBCCF /* ZDFfiFunctions.m */; };
		FABB7B4923ACC62B009FBCCF /* NSObject+ZDFfiHook.m in Sources */ = {isa = PBXBuildFile; fileRef = FABB7B4823ACC62B009FBCCF /* NSObject+ZDFfiHook.m */; };
		FAC573E524A0A14F00921A82 /* NSObject+ZDAutoFree.m in Sources */ = {isa = PBXBuildFile; fileRef = FAC573E424A0A14F00921A82 /* NSObject+ZDAutoFree.m */; };
/* End PBXBuildFile section */

/* Begin PBXContainerItemProxy section */
		FABB7B2023ACB56A009FBCCF /* PBXContainerItemProxy */ = {
			isa = PBXContainerItemProxy;
			containerPortal = FABB7AFC23ACB568009FBCCF /* Project object */;
			proxyType = 1;
			remoteGlobalIDString = FABB7B0323ACB568009FBCCF;
			remoteInfo = ZDFfiHook;
		};
		FABB7B2B23ACB56A009FBCCF /* PBXContainerItemProxy */ = {
			isa = PBXContainerItemProxy;
			containerPortal = FABB7AFC23ACB568009FBCCF /* Project object */;
			proxyType = 1;
			remoteGlobalIDString = FABB7B0323ACB568009FBCCF;
			remoteInfo = ZDFfiHook;
		};
/* End PBXContainerItemProxy section */

/* Begin PBXFileReference section */
		03144DE4DE88C464498EB7F8 /* Pods-ZDFfiHookTests.debug.xcconfig */ = {isa = PBXFileReference; includeInIndex = 1; lastKnownFileType = text.xcconfig; name = "Pods-ZDFfiHookTests.debug.xcconfig"; path = "Target Support Files/Pods-ZDFfiHookTests/Pods-ZDFfiHookTests.debug.xcconfig"; sourceTree = "<group>"; };
		11EF600903F1ABE83A0749F2 /* Pods-ZDFfiHook-ZDFfiHookUITests.release.xcconfig */ = {isa = PBXFileReference; includeInIndex = 1; lastKnownFileType = text.xcconfig; name = "Pods-ZDFfiHook-ZDFfiHookUITests.release.xcconfig"; path = "Target Support Files/Pods-ZDFfiHook-ZDFfiHookUITests/Pods-ZDFfiHook-ZDFfiHookUITests.release.xcconfig"; sourceTree = "<group>"; };
		744B688C55FF91BCA2E57C20 /* libPods-ZDFfiHook.a */ = {isa = PBXFileReference; explicitFileType = archive.ar; includeInIndex = 0; path = "libPods-ZDFfiHook.a"; sourceTree = BUILT_PRODUCTS_DIR; };
		7C114CB6B47635A4A4C457E3 /* libPods-ZDFfiHookTests.a */ = {isa = PBXFileReference; explicitFileType = archive.ar; includeInIndex = 0; path = "libPods-ZDFfiHookTests.a"; sourceTree = BUILT_PRODUCTS_DIR; };
		A589C1CE83F732ECD6269FF6 /* Pods-ZDFfiHookTests.release.xcconfig */ = {isa = PBXFileReference; includeInIndex = 1; lastKnownFileType = text.xcconfig; name = "Pods-ZDFfiHookTests.release.xcconfig"; path = "Target Support Files/Pods-ZDFfiHookTests/Pods-ZDFfiHookTests.release.xcconfig"; sourceTree = "<group>"; };
		BC44C50D796ECF0D8D326E11 /* Pods-ZDFfiHook.debug.xcconfig */ = {isa = PBXFileReference; includeInIndex = 1; lastKnownFileType = text.xcconfig; name = "Pods-ZDFfiHook.debug.xcconfig"; path = "Target Support Files/Pods-ZDFfiHook/Pods-ZDFfiHook.debug.xcconfig"; sourceTree = "<group>"; };
		D926CDD04DA5D397E4158D1C /* Pods-ZDFfiHook-ZDFfiHookUITests.debug.xcconfig */ = {isa = PBXFileReference; includeInIndex = 1; lastKnownFileType = text.xcconfig; name = "Pods-ZDFfiHook-ZDFfiHookUITests.debug.xcconfig"; path = "Target Support Files/Pods-ZDFfiHook-ZDFfiHookUITests/Pods-ZDFfiHook-ZDFfiHookUITests.debug.xcconfig"; sourceTree = "<group>"; };
		E2786633383B1677451AAC85 /* libPods-ZDFfiHook-ZDFfiHookUITests.a */ = {isa = PBXFileReference; explicitFileType = archive.ar; includeInIndex = 0; path = "libPods-ZDFfiHook-ZDFfiHookUITests.a"; sourceTree = BUILT_PRODUCTS_DIR; };
		E8A8D649CCECFD1EADBA0229 /* Pods-ZDFfiHook.release.xcconfig */ = {isa = PBXFileReference; includeInIndex = 1; lastKnownFileType = text.xcconfig; name = "Pods-ZDFfiHook.release.xcconfig"; path = "Target Support Files/Pods-ZDFfiHook/Pods-ZDFfiHook.release.xcconfig"; sourceTree = "<group>"; };
		FABB7B0423ACB568009FBCCF /* ZDFfiHook.app */ = {isa = PBXFileReference; explicitFileType = wrapper.application; includeInIndex = 0; path = ZDFfiHook.app; sourceTree = BUILT_PRODUCTS_DIR; };
		FABB7B0723ACB568009FBCCF /* AppDelegate.h */ = {isa = PBXFileReference; lastKnownFileType = sourcecode.c.h; path = AppDelegate.h; sourceTree = "<group>"; };
		FABB7B0823ACB568009FBCCF /* AppDelegate.m */ = {isa = PBXFileReference; lastKnownFileType = sourcecode.c.objc; path = AppDelegate.m; sourceTree = "<group>"; };
		FABB7B0A23ACB568009FBCCF /* SceneDelegate.h */ = {isa = PBXFileReference; lastKnownFileType = sourcecode.c.h; path = SceneDelegate.h; sourceTree = "<group>"; };
		FABB7B0B23ACB568009FBCCF /* SceneDelegate.m */ = {isa = PBXFileReference; lastKnownFileType = sourcecode.c.objc; path = SceneDelegate.m; sourceTree = "<group>"; };
		FABB7B0D23ACB568009FBCCF /* ViewController.h */ = {isa = PBXFileReference; lastKnownFileType = sourcecode.c.h; path = ViewController.h; sourceTree = "<group>"; };
		FABB7B0E23ACB568009FBCCF /* ViewController.m */ = {isa = PBXFileReference; lastKnownFileType = sourcecode.c.objc; path = ViewController.m; sourceTree = "<group>"; };
		FABB7B1123ACB568009FBCCF /* Base */ = {isa = PBXFileReference; lastKnownFileType = file.storyboard; name = Base; path = Base.lproj/Main.storyboard; sourceTree = "<group>"; };
		FABB7B1323ACB56A009FBCCF /* Assets.xcassets */ = {isa = PBXFileReference; lastKnownFileType = folder.assetcatalog; path = Assets.xcassets; sourceTree = "<group>"; };
		FABB7B1623ACB56A009FBCCF /* Base */ = {isa = PBXFileReference; lastKnownFileType = file.storyboard; name = Base; path = Base.lproj/LaunchScreen.storyboard; sourceTree = "<group>"; };
		FABB7B1823ACB56A009FBCCF /* Info.plist */ = {isa = PBXFileReference; lastKnownFileType = text.plist.xml; path = Info.plist; sourceTree = "<group>"; };
		FABB7B1923ACB56A009FBCCF /* main.m */ = {isa = PBXFileReference; lastKnownFileType = sourcecode.c.objc; path = main.m; sourceTree = "<group>"; };
		FABB7B1F23ACB56A009FBCCF /* ZDFfiHookTests.xctest */ = {isa = PBXFileReference; explicitFileType = wrapper.cfbundle; includeInIndex = 0; path = ZDFfiHookTests.xctest; sourceTree = BUILT_PRODUCTS_DIR; };
		FABB7B2323ACB56A009FBCCF /* ZDFfiHookTests.m */ = {isa = PBXFileReference; lastKnownFileType = sourcecode.c.objc; path = ZDFfiHookTests.m; sourceTree = "<group>"; };
		FABB7B2523ACB56A009FBCCF /* Info.plist */ = {isa = PBXFileReference; lastKnownFileType = text.plist.xml; path = Info.plist; sourceTree = "<group>"; };
		FABB7B2A23ACB56A009FBCCF /* ZDFfiHookUITests.xctest */ = {isa = PBXFileReference; explicitFileType = wrapper.cfbundle; includeInIndex = 0; path = ZDFfiHookUITests.xctest; sourceTree = BUILT_PRODUCTS_DIR; };
		FABB7B2E23ACB56A009FBCCF /* ZDFfiHookUITests.m */ = {isa = PBXFileReference; lastKnownFileType = sourcecode.c.objc; path = ZDFfiHookUITests.m; sourceTree = "<group>"; };
		FABB7B3023ACB56A009FBCCF /* Info.plist */ = {isa = PBXFileReference; lastKnownFileType = text.plist.xml; path = Info.plist; sourceTree = "<group>"; };
		FABB7B3D23ACBCB9009FBCCF /* ZDFfiDefine.h */ = {isa = PBXFileReference; lastKnownFileType = sourcecode.c.h; path = ZDFfiDefine.h; sourceTree = "<group>"; };
		FABB7B3E23ACBCEC009FBCCF /* ZDFfiHook.h */ = {isa = PBXFileReference; lastKnownFileType = sourcecode.c.h; path = ZDFfiHook.h; sourceTree = "<group>"; };
		FABB7B3F23ACBCEC009FBCCF /* ZDFfiHook.m */ = {isa = PBXFileReference; lastKnownFileType = sourcecode.c.objc; path = ZDFfiHook.m; sourceTree = "<group>"; };
		FABB7B4123ACBD31009FBCCF /* ZDFfiHookInfo.h */ = {isa = PBXFileReference; lastKnownFileType = sourcecode.c.h; path = ZDFfiHookInfo.h; sourceTree = "<group>"; };
		FABB7B4223ACBD31009FBCCF /* ZDFfiHookInfo.m */ = {isa = PBXFileReference; lastKnownFileType = sourcecode.c.objc; path = ZDFfiHookInfo.m; sourceTree = "<group>"; };
		FABB7B4423ACBECD009FBCCF /* ZDFfiFunctions.h */ = {isa = PBXFileReference; lastKnownFileType = sourcecode.c.h; path = ZDFfiFunctions.h; sourceTree = "<group>"; };
		FABB7B4523ACBECD009FBCCF /* ZDFfiFunctions.m */ = {isa = PBXFileReference; lastKnownFileType = sourcecode.c.objc; path = ZDFfiFunctions.m; sourceTree = "<group>"; };
		FABB7B4723ACC62B009FBCCF /* NSObject+ZDFfiHook.h */ = {isa = PBXFileReference; lastKnownFileType = sourcecode.c.h; path = "NSObject+ZDFfiHook.h"; sourceTree = "<group>"; };
		FABB7B4823ACC62B009FBCCF /* NSObject+ZDFfiHook.m */ = {isa = PBXFileReference; lastKnownFileType = sourcecode.c.objc; path = "NSObject+ZDFfiHook.m"; sourceTree = "<group>"; };
		FAC573E324A0A14F00921A82 /* NSObject+ZDAutoFree.h */ = {isa = PBXFileReference; lastKnownFileType = sourcecode.c.h; path = "NSObject+ZDAutoFree.h"; sourceTree = "<group>"; };
		FAC573E424A0A14F00921A82 /* NSObject+ZDAutoFree.m */ = {isa = PBXFileReference; lastKnownFileType = sourcecode.c.objc; path = "NSObject+ZDAutoFree.m"; sourceTree = "<group>"; };
/* End PBXFileReference section */

/* Begin PBXFrameworksBuildPhase section */
		FABB7B0123ACB568009FBCCF /* Frameworks */ = {
			isa = PBXFrameworksBuildPhase;
			buildActionMask = 2147483647;
			files = (
				B107C39F2F96554D0062431D /* libPods-ZDFfiHook.a in Frameworks */,
			);
			runOnlyForDeploymentPostprocessing = 0;
		};
		FABB7B1C23ACB56A009FBCCF /* Frameworks */ = {
			isa = PBXFrameworksBuildPhase;
			buildActionMask = 2147483647;
			files = (
				82FA0FEAA48E067A7B030659 /* libPods-ZDFfiHookTests.a in Frameworks */,
			);
			runOnlyForDeploymentPostprocessing = 0;
		};
		FABB7B2723ACB56A009FBCCF /* Frameworks */ = {
			isa = PBXFrameworksBuildPhase;
			buildActionMask = 2147483647;
			files = (
				EC3A3F7A738D689591F1012E /* libPods-ZDFfiHook-ZDFfiHookUITests.a in Frameworks */,
			);
			runOnlyForDeploymentPostprocessing = 0;
		};
/* End PBXFrameworksBuildPhase section */

/* Begin PBXGroup section */
		CDE54FE99A43870B768F50C3 /* Pods */ = {
			isa = PBXGroup;
			children = (
				BC44C50D796ECF0D8D326E11 /* Pods-ZDFfiHook.debug.xcconfig */,
				E8A8D649CCECFD1EADBA0229 /* Pods-ZDFfiHook.release.xcconfig */,
				D926CDD04DA5D397E4158D1C /* Pods-ZDFfiHook-ZDFfiHookUITests.debug.xcconfig */,
				11EF600903F1ABE83A0749F2 /* Pods-ZDFfiHook-ZDFfiHookUITests.release.xcconfig */,
				03144DE4DE88C464498EB7F8 /* Pods-ZDFfiHookTests.debug.xcconfig */,
				A589C1CE83F732ECD6269FF6 /* Pods-ZDFfiHookTests.release.xcconfig */,
			);
			path = Pods;
			sourceTree = "<group>";
		};
		DBF6DA87F6315121ECDE0BBB /* Frameworks */ = {
			isa = PBXGroup;
			children = (
				744B688C55FF91BCA2E57C20 /* libPods-ZDFfiHook.a */,
				E2786633383B1677451AAC85 /* libPods-ZDFfiHook-ZDFfiHookUITests.a */,
				7C114CB6B47635A4A4C457E3 /* libPods-ZDFfiHookTests.a */,
			);
			name = Frameworks;
			sourceTree = "<group>";
		};
		FABB7AFB23ACB568009FBCCF = {
			isa = PBXGroup;
			children = (
				FABB7B3C23ACBC79009FBCCF /* Source */,
				FABB7B0623ACB568009FBCCF /* ZDFfiHook */,
				FABB7B2223ACB56A009FBCCF /* ZDFfiHookTests */,
				FABB7B2D23ACB56A009FBCCF /* ZDFfiHookUITests */,
				FABB7B0523ACB568009FBCCF /* Products */,
				CDE54FE99A43870B768F50C3 /* Pods */,
				DBF6DA87F6315121ECDE0BBB /* Frameworks */,
			);
			sourceTree = "<group>";
		};
		FABB7B0523ACB568009FBCCF /* Products */ = {
			isa = PBXGroup;
			children = (
				FABB7B0423ACB568009FBCCF /* ZDFfiHook.app */,
				FABB7B1F23ACB56A009FBCCF /* ZDFfiHookTests.xctest */,
				FABB7B2A23ACB56A009FBCCF /* ZDFfiHookUITests.xctest */,
			);
			name = Products;
			sourceTree = "<group>";
		};
		FABB7B0623ACB568009FBCCF /* ZDFfiHook */ = {
			isa = PBXGroup;
			children = (
				FABB7B0723ACB568009FBCCF /* AppDelegate.h */,
				FABB7B0823ACB568009FBCCF /* AppDelegate.m */,
				FABB7B0A23ACB568009FBCCF /* SceneDelegate.h */,
				FABB7B0B23ACB568009FBCCF /* SceneDelegate.m */,
				FABB7B0D23ACB568009FBCCF /* ViewController.h */,
				FABB7B0E23ACB568009FBCCF /* ViewController.m */,
				FABB7B1023ACB568009FBCCF /* Main.storyboard */,
				FABB7B1323ACB56A009FBCCF /* Assets.xcassets */,
				FABB7B1523ACB56A009FBCCF /* LaunchScreen.storyboard */,
				FABB7B1823ACB56A009FBCCF /* Info.plist */,
				FABB7B1923ACB56A009FBCCF /* main.m */,
			);
			path = ZDFfiHook;
			sourceTree = "<group>";
		};
		FABB7B2223ACB56A009FBCCF /* ZDFfiHookTests */ = {
			isa = PBXGroup;
			children = (
				FABB7B2323ACB56A009FBCCF /* ZDFfiHookTests.m */,
				FABB7B2523ACB56A009FBCCF /* Info.plist */,
			);
			path = ZDFfiHookTests;
			sourceTree = "<group>";
		};
		FABB7B2D23ACB56A009FBCCF /* ZDFfiHookUITests */ = {
			isa = PBXGroup;
			children = (
				FABB7B2E23ACB56A009FBCCF /* ZDFfiHookUITests.m */,
				FABB7B3023ACB56A009FBCCF /* Info.plist */,
			);
			path = ZDFfiHookUITests;
			sourceTree = "<group>";
		};
		FABB7B3C23ACBC79009FBCCF /* Source */ = {
			isa = PBXGroup;
			children = (
				FABB7B3D23ACBCB9009FBCCF /* ZDFfiDefine.h */,
				FABB7B4423ACBECD009FBCCF /* ZDFfiFunctions.h */,
				FABB7B4523ACBECD009FBCCF /* ZDFfiFunctions.m */,
				FABB7B4123ACBD31009FBCCF /* ZDFfiHookInfo.h */,
				FABB7B4223ACBD31009FBCCF /* ZDFfiHookInfo.m */,
				FABB7B3E23ACBCEC009FBCCF /* ZDFfiHook.h */,
				FABB7B3F23ACBCEC009FBCCF /* ZDFfiHook.m */,
				FAC573E324A0A14F00921A82 /* NSObject+ZDAutoFree.h */,
				FAC573E424A0A14F00921A82 /* NSObject+ZDAutoFree.m */,
				FABB7B4723ACC62B009FBCCF /* NSObject+ZDFfiHook.h */,
				FABB7B4823ACC62B009FBCCF /* NSObject+ZDFfiHook.m */,
			);
			path = Source;
			sourceTree = "<group>";
		};
/* End PBXGroup section */

/* Begin PBXNativeTarget section */
		FABB7B0323ACB568009FBCCF /* ZDFfiHook */ = {
			isa = PBXNativeTarget;
			buildConfigurationList = FABB7B3323ACB56A009FBCCF /* Build configuration list for PBXNativeTarget "ZDFfiHook" */;
			buildPhases = (
				C701335EDA445E17FA6C6D98 /* [CP] Check Pods Manifest.lock */,
				FABB7B0023ACB568009FBCCF /* Sources */,
				FABB7B0123ACB568009FBCCF /* Frameworks */,
				FABB7B0223ACB568009FBCCF /* Resources */,
			);
			buildRules = (
			);
			dependencies = (
			);
			name = ZDFfiHook;
			productName = ZDFfiHook;
			productReference = FABB7B0423ACB568009FBCCF /* ZDFfiHook.app */;
			productType = "com.apple.product-type.application";
		};
		FABB7B1E23ACB56A009FBCCF /* ZDFfiHookTests */ = {
			isa = PBXNativeTarget;
			buildConfigurationList = FABB7B3623ACB56A009FBCCF /* Build configuration list for PBXNativeTarget "ZDFfiHookTests" */;
			buildPhases = (
				D29D36530C77CA71F32AAFDD /* [CP] Check Pods Manifest.lock */,
				FABB7B1B23ACB56A009FBCCF /* Sources */,
				FABB7B1C23ACB56A009FBCCF /* Frameworks */,
				FABB7B1D23ACB56A009FBCCF /* Resources */,
			);
			buildRules = (
			);
			dependencies = (
				FABB7B2123ACB56A009FBCCF /* PBXTargetDependency */,
			);
			name = ZDFfiHookTests;
			productName = ZDFfiHookTests;
			productReference = FABB7B1F23ACB56A009FBCCF /* ZDFfiHookTests.xctest */;
			productType = "com.apple.product-type.bundle.unit-test";
		};
		FABB7B2923ACB56A009FBCCF /* ZDFfiHookUITests */ = {
			isa = PBXNativeTarget;
			buildConfigurationList = FABB7B3923ACB56A009FBCCF /* Build configuration list for PBXNativeTarget "ZDFfiHookUITests" */;
			buildPhases = (
				039B1C1EB4178E0347BF3641 /* [CP] Check Pods Manifest.lock */,
				FABB7B2623ACB56A009FBCCF /* Sources */,
				FABB7B2723ACB56A009FBCCF /* Frameworks */,
				FABB7B2823ACB56A009FBCCF /* Resources */,
			);
			buildRules = (
			);
			dependencies = (
				FABB7B2C23ACB56A009FBCCF /* PBXTargetDependency */,
			);
			name = ZDFfiHookUITests;
			productName = ZDFfiHookUITests;
			productReference = FABB7B2A23ACB56A009FBCCF /* ZDFfiHookUITests.xctest */;
			productType = "com.apple.product-type.bundle.ui-testing";
		};
/* End PBXNativeTarget section */

/* Begin PBXProject section */
		FABB7AFC23ACB568009FBCCF /* Project object */ = {
			isa = PBXProject;
			attributes = {
				LastUpgradeCheck = 1130;
				ORGANIZATIONNAME = Zero.D.Saber;
				TargetAttributes = {
					FABB7B0323ACB568009FBCCF = {
						CreatedOnToolsVersion = 11.3;
					};
					FABB7B1E23ACB56A009FBCCF = {
						CreatedOnToolsVersion = 11.3;
						TestTargetID = FABB7B0323ACB568009FBCCF;
					};
					FABB7B2923ACB56A009FBCCF = {
						CreatedOnToolsVersion = 11.3;
						TestTargetID = FABB7B0323ACB568009FBCCF;
					};
				};
			};
			buildConfigurationList = FABB7AFF23ACB568009FBCCF /* Build configuration list for PBXProject "ZDFfiHook" */;
			compatibilityVersion = "Xcode 9.3";
			developmentRegion = en;
			hasScannedForEncodings = 0;
			knownRegions = (
				en,
				Base,
			);
			mainGroup = FABB7AFB23ACB568009FBCCF;
			productRefGroup = FABB7B0523ACB568009FBCCF /* Products */;
			projectDirPath = "";
			projectRoot = "";
			targets = (
				FABB7B0323ACB568009FBCCF /* ZDFfiHook */,
				FABB7B1E23ACB56A009FBCCF /* ZDFfiHookTests */,
				FABB7B2923ACB56A009FBCCF /* ZDFfiHookUITests */,
			);
		};
/* End PBXProject section */

/* Begin PBXResourcesBuildPhase section */
		FABB7B0223ACB568009FBCCF /* Resources */ = {
			isa = PBXResourcesBuildPhase;
			buildActionMask = 2147483647;
			files = (
				FABB7B1723ACB56A009FBCCF /* LaunchScreen.storyboard in Resources */,
				FABB7B1423ACB56A009FBCCF /* Assets.xcassets in Resources */,
				FABB7B1223ACB568009FBCCF /* Main.storyboard in Resources */,
			);
			runOnlyForDeploymentPostprocessing = 0;
		};
		FABB7B1D23ACB56A009FBCCF /* Resources */ = {
			isa = PBXResourcesBuildPhase;
			buildActionMask = 2147483647;
			files = (
			);
			runOnlyForDeploymentPostprocessing = 0;
		};
		FABB7B2823ACB56A009FBCCF /* Resources */ = {
			isa = PBXResourcesBuildPhase;
			buildActionMask = 2147483647;
			files = (
			);
			runOnlyForDeploymentPostprocessing = 0;
		};
/* End PBXResourcesBuildPhase section */

/* Begin PBXShellScriptBuildPhase section */
		039B1C1EB4178E0347BF3641 /* [CP] Check Pods Manifest.lock */ = {
			isa = PBXShellScriptBuildPhase;
			buildActionMask = 2147483647;
			files = (
			);
			inputFileListPaths = (
			);
			inputPaths = (
				"${PODS_PODFILE_DIR_PATH}/Podfile.lock",
				"${PODS_ROOT}/Manifest.lock",
			);
			name = "[CP] Check Pods Manifest.lock";
			outputFileListPaths = (
			);
			outputPaths = (
				"$(DERIVED_FILE_DIR)/Pods-ZDFfiHook-ZDFfiHookUITests-checkManifestLockResult.txt",
			);
			runOnlyForDeploymentPostprocessing = 0;
			shellPath = /bin/sh;
			shellScript = "diff \"${PODS_PODFILE_DIR_PATH}/Podfile.lock\" \"${PODS_ROOT}/Manifest.lock\" > /dev/null\nif [ $? != 0 ] ; then\n    # print error to STDERR\n    echo \"error: The sandbox is not in sync with the Podfile.lock. Run 'pod install' or update your CocoaPods installation.\" >&2\n    exit 1\nfi\n# This output is used by Xcode 'outputs' to avoid re-running this script phase.\necho \"SUCCESS\" > \"${SCRIPT_OUTPUT_FILE_0}\"\n";
			showEnvVarsInLog = 0;
		};
		C701335EDA445E17FA6C6D98 /* [CP] Check Pods Manifest.lock */ = {
			isa = PBXShellScriptBuildPhase;
			buildActionMask = 2147483647;
			files = (
			);
			inputFileListPaths = (
			);
			inputPaths = (
				"${PODS_PODFILE_DIR_PATH}/Podfile.lock",
				"${PODS_ROOT}/Manifest.lock",
			);
			name = "[CP] Check Pods Manifest.lock";
			outputFileListPaths = (
			);
			outputPaths = (
				"$(DERIVED_FILE_DIR)/Pods-ZDFfiHook-checkManifestLockResult.txt",
			);
			runOnlyForDeploymentPostprocessing = 0;
			shellPath = /bin/sh;
			shellScript = "diff \"${PODS_PODFILE_DIR_PATH}/Podfile.lock\" \"${PODS_ROOT}/Manifest.lock\" > /dev/null\nif [ $? != 0 ] ; then\n    # print error to STDERR\n    echo \"error: The sandbox is not in sync with the Podfile.lock. Run 'pod install' or update your CocoaPods installation.\" >&2\n    exit 1\nfi\n# This output is used by Xcode 'outputs' to avoid re-running this script phase.\necho \"SUCCESS\" > \"${SCRIPT_OUTPUT_FILE_0}\"\n";
			showEnvVarsInLog = 0;
		};
		D29D36530C77CA71F32AAFDD /* [CP] Check Pods Manifest.lock */ = {
			isa = PBXShellScriptBuildPhase;
			buildActionMask = 2147483647;
			files = (
			);
			inputFileListPaths = (
			);
			inputPaths = (
				"${PODS_PODFILE_DIR_PATH}/Podfile.lock",
				"${PODS_ROOT}/Manifest.lock",
			);
			name = "[CP] Check Pods Manifest.lock";
			outputFileListPaths = (
			);
			outputPaths = (
				"$(DERIVED_FILE_DIR)/Pods-ZDFfiHookTests-checkManifestLockResult.txt",
			);
			runOnlyForDeploymentPostprocessing = 0;
			shellPath = /bin/sh;
			shellScript = "diff \"${PODS_PODFILE_DIR_PATH}/Podfile.lock\" \"${PODS_ROOT}/Manifest.lock\" > /dev/null\nif [ $? != 0 ] ; then\n    # print error to STDERR\n    echo \"error: The sandbox is not in sync with the Podfile.lock. Run 'pod install' or update your CocoaPods installation.\" >&2\n    exit 1\nfi\n# This output is used by Xcode 'outputs' to avoid re-running this script phase.\necho \"SUCCESS\" > \"${SCRIPT_OUTPUT_FILE_0}\"\n";
			showEnvVarsInLog = 0;
		};
/* End PBXShellScriptBuildPhase section */

/* Begin PBXSourcesBuildPhase section */
		FABB7B0023ACB568009FBCCF /* Sources */ = {
			isa = PBXSourcesBuildPhase;
			buildActionMask = 2147483647;
			files = (
				FABB7B0F23ACB568009FBCCF /* ViewController.m in Sources */,
				FABB7B0923ACB568009FBCCF /* AppDelegate.m in Sources */,
				FABB7B1A23ACB56A009FBCCF /* main.m in Sources */,
				FABB7B0C23ACB568009FBCCF /* SceneDelegate.m in Sources */,
				FABB7B4323ACBD31009FBCCF /* ZDFfiHookInfo.m in Sources */,
				FABB7B4023ACBCEC009FBCCF /* ZDFfiHook.m in Sources */,
				FABB7B4923ACC62B009FBCCF /* NSObject+ZDFfiHook.m in Sources */,
				FABB7B4623ACBECD009FBCCF /* ZDFfiFunctions.m in Sources */,
				FAC573E524A0A14F00921A82 /* NSObject+ZDAutoFree.m in Sources */,
			);
			runOnlyForDeploymentPostprocessing = 0;
		};
		FABB7B1B23ACB56A009FBCCF /* Sources */ = {
			isa = PBXSourcesBuildPhase;
			buildActionMask = 2147483647;
			files = (
				FABB7B2423ACB56A009FBCCF /* ZDFfiHookTests.m in Sources */,
			);
			runOnlyForDeploymentPostprocessing = 0;
		};
		FABB7B2623ACB56A009FBCCF /* Sources */ = {
			isa = PBXSourcesBuildPhase;
			buildActionMask = 2147483647;
			files = (
				FABB7B2F23ACB56A009FBCCF /* ZDFfiHookUITests.m in Sources */,
			);
			runOnlyForDeploymentPostprocessing = 0;
		};
/* End PBXSourcesBuildPhase section */

/* Begin PBXTargetDependency section */
		FABB7B2123ACB56A009FBCCF /* PBXTargetDependency */ = {
			isa = PBXTargetDependency;
			target = FABB7B0323ACB568009FBCCF /* ZDFfiHook */;
			targetProxy = FABB7B2023ACB56A009FBCCF /* PBXContainerItemProxy */;
		};
		FABB7B2C23ACB56A009FBCCF /* PBXTargetDependency */ = {
			isa = PBXTargetDependency;
			target = FABB7B0323ACB568009FBCCF /* ZDFfiHook */;
			targetProxy = FABB7B2B23ACB56A009FBCCF /* PBXContainerItemProxy */;
		};
/* End PBXTargetDependency section */

/* Begin PBXVariantGroup section */
		FABB7B1023ACB568009FBCCF /* Main.storyboard */ = {
			isa = PBXVariantGroup;
			children = (
				FABB7B1123ACB568009FBCCF /* Base */,
			);
			name = Main.storyboard;
			sourceTree = "<group>";
		};
		FABB7B1523ACB56A009FBCCF /* LaunchScreen.storyboard */ = {
			isa = PBXVariantGroup;
			children = (
				FABB7B1623ACB56A009FBCCF /* Base */,
			);
			name = LaunchScreen.storyboard;
			sourceTree = "<group>";
		};
/* End PBXVariantGroup section */

/* Begin XCBuildConfiguration section */
		FABB7B3123ACB56A009FBCCF /* Debug */ = {
			isa = XCBuildConfiguration;
			buildSettings = {
				ALWAYS_SEARCH_USER_PATHS = NO;
				CLANG_ANALYZER_NONNULL = YES;
				CLANG_ANALYZER_NUMBER_OBJECT_CONVERSION = YES_AGGRESSIVE;
				CLANG_CXX_LANGUAGE_STANDARD = "gnu++14";
				CLANG_CXX_LIBRARY = "libc++";
				CLANG_ENABLE_MODULES = YES;
				CLANG_ENABLE_OBJC_ARC = YES;
				CLANG_ENABLE_OBJC_WEAK = YES;
				CLANG_WARN_BLOCK_CAPTURE_AUTORELEASING = YES;
				CLANG_WARN_BOOL_CONVERSION = YES;
				CLANG_WARN_COMMA = YES;
				CLANG_WARN_CONSTANT_CONVERSION = YES;
				CLANG_WARN_DEPRECATED_OBJC_IMPLEMENTATIONS = YES;
				CLANG_WARN_DIRECT_OBJC_ISA_USAGE = YES_ERROR;
				CLANG_WARN_DOCUMENTATION_COMMENTS = YES;
				CLANG_WARN_EMPTY_BODY = YES;
				CLANG_WARN_ENUM_CONVERSION = YES;
				CLANG_WARN_INFINITE_RECURSION = YES;
				CLANG_WARN_INT_CONVERSION = YES;
				CLANG_WARN_NON_LITERAL_NULL_CONVERSION = YES;
				CLANG_WARN_OBJC_IMPLICIT_RETAIN_SELF = YES;
				CLANG_WARN_OBJC_LITERAL_CONVERSION = YES;
				CLANG_WARN_OBJC_ROOT_CLASS = YES_ERROR;
				CLANG_WARN_RANGE_LOOP_ANALYSIS = YES;
				CLANG_WARN_STRICT_PROTOTYPES = YES;
				CLANG_WARN_SUSPICIOUS_MOVE = YES;
				CLANG_WARN_UNGUARDED_AVAILABILITY = YES_AGGRESSIVE;
				CLANG_WARN_UNREACHABLE_CODE = YES;
				CLANG_WARN__DUPLICATE_METHOD_MATCH = YES;
				COPY_PHASE_STRIP = NO;
				DEBUG_INFORMATION_FORMAT = dwarf;
				ENABLE_STRICT_OBJC_MSGSEND = YES;
				ENABLE_TESTABILITY = YES;
				GCC_C_LANGUAGE_STANDARD = gnu11;
				GCC_DYNAMIC_NO_PIC = NO;
				GCC_NO_COMMON_BLOCKS = YES;
				GCC_OPTIMIZATION_LEVEL = 0;
				GCC_PREPROCESSOR_DEFINITIONS = (
					"DEBUG=1",
					"$(inherited)",
				);
				GCC_WARN_64_TO_32_BIT_CONVERSION = YES;
				GCC_WARN_ABOUT_RETURN_TYPE = YES_ERROR;
				GCC_WARN_UNDECLARED_SELECTOR = YES;
				GCC_WARN_UNINITIALIZED_AUTOS = YES_AGGRESSIVE;
				GCC_WARN_UNUSED_FUNCTION = YES;
				GCC_WARN_UNUSED_VARIABLE = YES;
				IPHONEOS_DEPLOYMENT_TARGET = 13.2;
				MTL_ENABLE_DEBUG_INFO = INCLUDE_SOURCE;
				MTL_FAST_MATH = YES;
				ONLY_ACTIVE_ARCH = YES;
				SDKROOT = iphoneos;
			};
			name = Debug;
		};
		FABB7B3223ACB56A009FBCCF /* Release */ = {
			isa = XCBuildConfiguration;
			buildSettings = {
				ALWAYS_SEARCH_USER_PATHS = NO;
				CLANG_ANALYZER_NONNULL = YES;
				CLANG_ANALYZER_NUMBER_OBJECT_CONVERSION = YES_AGGRESSIVE;
				CLANG_CXX_LANGUAGE_STANDARD = "gnu++14";
				CLANG_CXX_LIBRARY = "libc++";
				CLANG_ENABLE_MODULES = YES;
				CLANG_ENABLE_OBJC_ARC = YES;
				CLANG_ENABLE_OBJC_WEAK = YES;
				CLANG_WARN_BLOCK_CAPTURE_AUTORELEASING = YES;
				CLANG_WARN_BOOL_CONVERSION = YES;
				CLANG_WARN_COMMA = YES;
				CLANG_WARN_CONSTANT_CONVERSION = YES;
				CLANG_WARN_DEPRECATED_OBJC_IMPLEMENTATIONS = YES;
				CLANG_WARN_DIRECT_OBJC_ISA_USAGE = YES_ERROR;
				CLANG_WARN_DOCUMENTATION_COMMENTS = YES;
				CLANG_WARN_EMPTY_BODY = YES;
				CLANG_WARN_ENUM_CONVERSION = YES;
				CLANG_WARN_INFINITE_RECURSION = YES;
				CLANG_WARN_INT_CONVERSION = YES;
				CLANG_WARN_NON_LITERAL_NULL_CONVERSION = YES;
				CLANG_WARN_OBJC_IMPLICIT_RETAIN_SELF = YES;
				CLANG_WARN_OBJC_LITERAL_CONVERSION = YES;
				CLANG_WARN_OBJC_ROOT_CLASS = YES_ERROR;
				CLANG_WARN_RANGE_LOOP_ANALYSIS = YES;
				CLANG_WARN_STRICT_PROTOTYPES = YES;
				CLANG_WARN_SUSPICIOUS_MOVE = YES;
				CLANG_WARN_UNGUARDED_AVAILABILITY = YES_AGGRESSIVE;
				CLANG_WARN_UNREACHABLE_CODE = YES;
				CLANG_WARN__DUPLICATE_METHOD_MATCH = YES;
				COPY_PHASE_STRIP = NO;
				DEBUG_INFORMATION_FORMAT = "dwarf-with-dsym";
				ENABLE_NS_ASSERTIONS = NO;
				ENABLE_STRICT_OBJC_MSGSEND = YES;
				GCC_C_LANGUAGE_STANDARD = gnu11;
				GCC_NO_COMMON_BLOCKS = YES;
				GCC_WARN_64_TO_32_BIT_CONVERSION = YES;
				GCC_WARN_ABOUT_RETURN_TYPE = YES_ERROR;
				GCC_WARN_UNDECLARED_SELECTOR = YES;
				GCC_WARN_UNINITIALIZED_AUTOS = YES_AGGRESSIVE;
				GCC_WARN_UNUSED_FUNCTION = YES;
				GCC_WARN_UNUSED_VARIABLE = YES;
				IPHONEOS_DEPLOYMENT_TARGET = 13.2;
				MTL_ENABLE_DEBUG_INFO = NO;
				MTL_FAST_MATH = YES;
				SDKROOT = iphoneos;
				VALIDATE_PRODUCT = YES;
			};
			name = Release;
		};
		FABB7B3423ACB56A009FBCCF /* Debug */ = {
			isa = XCBuildConfiguration;
			baseConfigurationReference = BC44C50D796ECF0D8D326E11 /* Pods-ZDFfiHook.debug.xcconfig */;
			buildSettings = {
				ASSETCATALOG_COMPILER_APPICON_NAME = AppIcon;
				CODE_SIGN_STYLE = Automatic;
				INFOPLIST_FILE = ZDFfiHook/Info.plist;
				IPHONEOS_DEPLOYMENT_TARGET = 9.0;
				LD_RUNPATH_SEARCH_PATHS = (
					"$(inherited)",
					"@executable_path/Frameworks",
				);
				PRODUCT_BUNDLE_IDENTIFIER = com.zero.ZDFfiHook;
				PRODUCT_NAME = "$(TARGET_NAME)";
				TARGETED_DEVICE_FAMILY = "1,2";
			};
			name = Debug;
		};
		FABB7B3523ACB56A009FBCCF /* Release */ = {
			isa = XCBuildConfiguration;
			baseConfigurationReference = E8A8D649CCECFD1EADBA0229 /* Pods-ZDFfiHook.release.xcconfig */;
			buildSettings = {
				ASSETCATALOG_COMPILER_APPICON_NAME = AppIcon;
				CODE_SIGN_STYLE = Automatic;
				INFOPLIST_FILE = ZDFfiHook/Info.plist;
				IPHONEOS_DEPLOYMENT_TARGET = 9.0;
				LD_RUNPATH_SEARCH_PATHS = (
					"$(inherited)",
					"@executable_path/Frameworks",
				);
				PRODUCT_BUNDLE_IDENTIFIER = com.zero.ZDFfiHook;
				PRODUCT_NAME = "$(TARGET_NAME)";
				TARGETED_DEVICE_FAMILY = "1,2";
			};
			name = Release;
		};
		FABB7B3723ACB56A009FBCCF /* Debug */ = {
			isa = XCBuildConfiguration;
			baseConfigurationReference = 03144DE4DE88C464498EB7F8 /* Pods-ZDFfiHookTests.debug.xcconfig */;
			buildSettings = {
				BUNDLE_LOADER = "$(TEST_HOST)";
				CODE_SIGN_STYLE = Automatic;
				INFOPLIST_FILE = ZDFfiHookTests/Info.plist;
				IPHONEOS_DEPLOYMENT_TARGET = 13.2;
				LD_RUNPATH_SEARCH_PATHS = (
					"$(inherited)",
					"@executable_path/Frameworks",
					"@loader_path/Frameworks",
				);
				PRODUCT_BUNDLE_IDENTIFIER = com.zero.ZDFfiHookTests;
				PRODUCT_NAME = "$(TARGET_NAME)";
				TARGETED_DEVICE_FAMILY = "1,2";
				TEST_HOST = "$(BUILT_PRODUCTS_DIR)/ZDFfiHook.app/ZDFfiHook";
			};
			name = Debug;
		};
		FABB7B3823ACB56A009FBCCF /* Release */ = {
			isa = XCBuildConfiguration;
			baseConfigurationReference = A589C1CE83F732ECD6269FF6 /* Pods-ZDFfiHookTests.release.xcconfig */;
			buildSettings = {
				BUNDLE_LOADER = "$(TEST_HOST)";
				CODE_SIGN_STYLE = Automatic;
				INFOPLIST_FILE = ZDFfiHookTests/Info.plist;
				IPHONEOS_DEPLOYMENT_TARGET = 13.2;
				LD_RUNPATH_SEARCH_PATHS = (
					"$(inherited)",
					"@executable_path/Frameworks",
					"@loader_path/Frameworks",
				);
				PRODUCT_BUNDLE_IDENTIFIER = com.zero.ZDFfiHookTests;
				PRODUCT_NAME = "$(TARGET_NAME)";
				TARGETED_DEVICE_FAMILY = "1,2";
				TEST_HOST = "$(BUILT_PRODUCTS_DIR)/ZDFfiHook.app/ZDFfiHook";
			};
			name = Release;
		};
		FABB7B3A23ACB56A009FBCCF /* Debug */ = {
			isa = XCBuildConfiguration;
			baseConfigurationReference = D926CDD04DA5D397E4158D1C /* Pods-ZDFfiHook-ZDFfiHookUITests.debug.xcconfig */;
			buildSettings = {
				CODE_SIGN_STYLE = Automatic;
				INFOPLIST_FILE = ZDFfiHookUITests/Info.plist;
				LD_RUNPATH_SEARCH_PATHS = (
					"$(inherited)",
					"@executable_path/Frameworks",
					"@loader_path/Frameworks",
				);
				PRODUCT_BUNDLE_IDENTIFIER = com.zero.ZDFfiHookUITests;
				PRODUCT_NAME = "$(TARGET_NAME)";
				TARGETED_DEVICE_FAMILY = "1,2";
				TEST_TARGET_NAME = ZDFfiHook;
			};
			name = Debug;
		};
		FABB7B3B23ACB56A009FBCCF /* Release */ = {
			isa = XCBuildConfiguration;
			baseConfigurationReference = 11EF600903F1ABE83A0749F2 /* Pods-ZDFfiHook-ZDFfiHookUITests.release.xcconfig */;
			buildSettings = {
				CODE_SIGN_STYLE = Automatic;
				INFOPLIST_FILE = ZDFfiHookUITests/Info.plist;
				LD_RUNPATH_SEARCH_PATHS = (
					"$(inherited)",
					"@executable_path/Frameworks",
					"@loader_path/Frameworks",
				);
				PRODUCT_BUNDLE_IDENTIFIER = com.zero.ZDFfiHookUITests;
				PRODUCT_NAME = "$(TARGET_NAME)";
				TARGETED_DEVICE_FAMILY = "1,2";
				TEST_TARGET_NAME = ZDFfiHook;
			};
			name = Release;
		};
/* End XCBuildConfiguration section */

/* Begin XCConfigurationList section */
		FABB7AFF23ACB568009FBCCF /* Build configuration list for PBXProject "ZDFfiHook" */ = {
			isa = XCConfigurationList;
			buildConfigurations = (
				FABB7B3123ACB56A009FBCCF /* Debug */,
				FABB7B3223ACB56A009FBCCF /* Release */,
			);
			defaultConfigurationIsVisible = 0;
			defaultConfigurationName = Release;
		};
		FABB7B3323ACB56A009FBCCF /* Build configuration list for PBXNativeTarget "ZDFfiHook" */ = {
			isa = XCConfigurationList;
			buildConfigurations = (
				FABB7B3423ACB56A009FBCCF /* Debug */,
				FABB7B3523ACB56A009FBCCF /* Release */,
			);
			defaultConfigurationIsVisible = 0;
			defaultConfigurationName = Release;
		};
		FABB7B3623ACB56A009FBCCF /* Build configuration list for PBXNativeTarget "ZDFfiHookTests" */ = {
			isa = XCConfigurationList;
			buildConfigurations = (
				FABB7B3723ACB56A009FBCCF /* Debug */,
				FABB7B3823ACB56A009FBCCF /* Release */,
			);
			defaultConfigurationIsVisible = 0;
			defaultConfigurationName = Release;
		};
		FABB7B3923ACB56A009FBCCF /* Build configuration list for PBXNativeTarget "ZDFfiHookUITests" */ = {
			isa = XCConfigurationList;
			buildConfigurations = (
				FABB7B3A23ACB56A009FBCCF /* Debug */,
				FABB7B3B23ACB56A009FBCCF /* Release */,
			);
			defaultConfigurationIsVisible = 0;
			defaultConfigurationName = Release;
		};
/* End XCConfigurationList section */
	};
	rootObject = FABB7AFC23ACB568009FBCCF /* Project object */;
}
